<Solution>
  <Project Path="LuaDefsGenerator/LuaDefsGenerator.csproj" />
  <Project Path="LuaEnv/LuaEnv.csproj" />
  <Project Path="LuaNamesGenerator/LuaNamesGenerator.csproj" />
  <Project Path="LuaRenamer/LuaRenamer.csproj" />
  <Project Path="LuaRenamerTests/LuaRenamerTests.csproj" />
</Solution>
