<Solution>
  <Project Path="LuaDefsGenerator/LuaDefsGenerator.csproj" />
  <Project Path="LuaNamesGenerator/LuaNamesGenerator.csproj" />
  <Project Path="LuaNamesGeneratorTests/LuaNamesGeneratorTests.csproj" />
  <Project Path="LuaRenamer/LuaRenamer.csproj" />
  <Project Path="LuaRenamerTests/LuaRenamerTests.csproj" />
</Solution>
