{
  "version": 1,
  "dependencies": {
    ".NETCoreApp,Version=v5.0": {
      "Antlr4.Runtime.Standard": {
        "type": "Direct",
        "requested": "[4.9.1, )",
        "resolved": "4.9.1",
        "contentHash": "2b6SrwXRa3lgJ7nQyG+EZFJHGDWRW0Bb8KfqdXaAVL3QoGOuXkFRLBxTIbRt1lNUop9k++SG2kid/pl1Q49UGw=="
      },
      "Shoko.Plugin.Abstractions": {
        "type": "Direct",
        "requested": "[2.2.0, )",
        "resolved": "2.2.0",
        "contentHash": "FOytlGNY3PmCfeU8oNYVb32Pq8L3tmisG063KzWuuvdyq8h1AJZWbY43HSakoj9uigLZw60iajeyC3rYqnPbNQ=="
      }
    }
  }
}