{
  "version": 1,
  "dependencies": {
    "net6.0": {
      "Microsoft.Extensions.Logging.Abstractions": {
        "type": "Direct",
        "requested": "[6.0.0, )",
        "resolved": "6.0.0",
        "contentHash": "/HggWBbTwy8TgebGSX5DBZ24ndhzi93sHUBDvP1IxbZD7FDokYzdAr6+vbWGjw2XAfR2EJ1sfKUotpjHnFWPxA=="
      },
      "NLua": {
        "type": "Direct",
        "requested": "[1.7.2, )",
        "resolved": "1.7.2",
        "contentHash": "Eh/Nyois3Y4pObgAR8MDsiq5npSQcmEq7IkM50TfkZ8Pb+kV1HMWmaKLl6fFy6ydAzG67L3l3KQseZpBxjI6zw==",
        "dependencies": {
          "KeraLua": "1.4.1"
        }
      },
      "Shoko.Plugin.Abstractions": {
        "type": "Direct",
        "requested": "[3.0.0-alpha6, )",
        "resolved": "3.0.0-alpha6",
        "contentHash": "0l2gfg9euCocOhhTkWgy80RUgd3AVPxejeMnj5YAbtqMMCclDCiivokxPdgybjbJnj1QwKFladJe41XSTR7qlA=="
      },
      "KeraLua": {
        "type": "Transitive",
        "resolved": "1.4.1",
        "contentHash": "SHfGjaWED+nHxMWbIqAVN90bs5xLnOOojuQaSSzZqJAKXSzcDi94ikr/7GQxM1/4ny/tKnnGHSKkOQyZ65572Q=="
      }
    }
  }
}