{
  "version": 1,
  "dependencies": {
    "net6.0": {
      "Microsoft.Extensions.Logging.Abstractions": {
        "type": "Direct",
        "requested": "[6.0.0, )",
        "resolved": "6.0.0",
        "contentHash": "/HggWBbTwy8TgebGSX5DBZ24ndhzi93sHUBDvP1IxbZD7FDokYzdAr6+vbWGjw2XAfR2EJ1sfKUotpjHnFWPxA=="
      },
      "NLua": {
        "type": "Direct",
        "requested": "[1.7.3, )",
        "resolved": "1.7.3",
        "contentHash": "9GdqLw+DpB8ISI6LQlKqFHcsFel8iPnoAE/As6ElmRtJ7lqbVEJ2vD8EkHDuEgW0T8FSKidn6/lH7Uok/XnGMQ==",
        "dependencies": {
          "KeraLua": "1.4.1"
        }
      },
      "Shoko.Plugin.Abstractions": {
        "type": "Direct",
        "requested": "[3.0.0-alpha9, )",
        "resolved": "3.0.0-alpha9",
        "contentHash": "dGDi9OMs0qBE85UnTDHk+NzdKWobfuj/KNsT3MlKeZoeX7OEFbdiRyPMSTUVj7XkM0Z/o6lYfscO2rHJ23P4yA=="
      },
      "KeraLua": {
        "type": "Transitive",
        "resolved": "1.4.1",
        "contentHash": "SHfGjaWED+nHxMWbIqAVN90bs5xLnOOojuQaSSzZqJAKXSzcDi94ikr/7GQxM1/4ny/tKnnGHSKkOQyZ65572Q=="
      }
    }
  }
}